Microsoft Visual Studio Solution File, Format Version 11.00
# Visual Studio 2008

Project("{BF8354DC-42CD-675D-EC68-6639190DA43A}") = "Hearthstone Pack Opening", "Assembly-CSharp-vs.csproj", "{901C490C-7D62-07D2-F6F8-48E77199708E}"
EndProject
Global
	GlobalSection(SolutionConfigurationPlatforms) = preSolution
		Debug|Any CPU = Debug|Any CPU
		Release|Any CPU = Release|Any CPU
	EndGlobalSection
	GlobalSection(ProjectConfigurationPlatforms) = postSolution
		{901C490C-7D62-07D2-F6F8-48E77199708E}.Debug|Any CPU.ActiveCfg = Debug|Any CPU
		{901C490C-7D62-07D2-F6F8-48E77199708E}.Debug|Any CPU.Build.0 = Debug|Any CPU
		{901C490C-7D62-07D2-F6F8-48E77199708E}.Release|Any CPU.ActiveCfg = Release|Any CPU
		{901C490C-7D62-07D2-F6F8-48E77199708E}.Release|Any CPU.Build.0 = Release|Any CPU
	EndGlobalSection
	GlobalSection(SolutionProperties) = preSolution
		HideSolutionNode = FALSE
	EndGlobalSection
																																																																													GlobalSection(MonoDevelopProperties) = preSolution
		StartupItem = Assembly-CSharp.csproj
		Policies = $0
		$0.TextStylePolicy = $1
		$1.inheritsSet = null
		$1.scope = text/x-csharp
		$0.CSharpFormattingPolicy = $2
		$2.inheritsSet = Mono
		$2.inheritsScope = text/x-csharp
		$2.scope = text/x-csharp
		$0.TextStylePolicy = $3
		$3.FileWidth = 120
		$3.TabWidth = 4
		$3.IndentWidth = 4
		$3.EolMarker = Unix
		$3.inheritsSet = Mono
		$3.inheritsScope = text/plain
		$3.scope = text/plain
	EndGlobalSection

EndGlobal
