Microsoft Visual Studio Solution File, Format Version 11.00
# Visual Studio 2008

Project("{92EEA880-F58A-C19F-4D51-FA76D2BDBB74}") = "Amazing Cubes", "Assembly-CSharp-firstpass.csproj", "{56A80BC9-5998-E9FF-FEBE-BD79496E38D3}"
EndProject
Project("{92EEA880-F58A-C19F-4D51-FA76D2BDBB74}") = "Amazing Cubes", "Assembly-CSharp.csproj", "{B46AEEC0-DD4E-2E69-7D02-5F40591ADDBF}"
EndProject
Project("{92EEA880-F58A-C19F-4D51-FA76D2BDBB74}") = "Amazing Cubes", "Assembly-CSharp-Editor.csproj", "{41F07AAE-5B11-86EF-63E0-B5907B17DDE4}"
EndProject
Global
	GlobalSection(SolutionConfigurationPlatforms) = preSolution
		Debug|Any CPU = Debug|Any CPU
		Release|Any CPU = Release|Any CPU
	EndGlobalSection
	GlobalSection(ProjectConfigurationPlatforms) = postSolution
		{56A80BC9-5998-E9FF-FEBE-BD79496E38D3}.Debug|Any CPU.ActiveCfg = Debug|Any CPU
		{56A80BC9-5998-E9FF-FEBE-BD79496E38D3}.Debug|Any CPU.Build.0 = Debug|Any CPU
		{56A80BC9-5998-E9FF-FEBE-BD79496E38D3}.Release|Any CPU.ActiveCfg = Release|Any CPU
		{56A80BC9-5998-E9FF-FEBE-BD79496E38D3}.Release|Any CPU.Build.0 = Release|Any CPU
		{B46AEEC0-DD4E-2E69-7D02-5F40591ADDBF}.Debug|Any CPU.ActiveCfg = Debug|Any CPU
		{B46AEEC0-DD4E-2E69-7D02-5F40591ADDBF}.Debug|Any CPU.Build.0 = Debug|Any CPU
		{B46AEEC0-DD4E-2E69-7D02-5F40591ADDBF}.Release|Any CPU.ActiveCfg = Release|Any CPU
		{B46AEEC0-DD4E-2E69-7D02-5F40591ADDBF}.Release|Any CPU.Build.0 = Release|Any CPU
		{41F07AAE-5B11-86EF-63E0-B5907B17DDE4}.Debug|Any CPU.ActiveCfg = Debug|Any CPU
		{41F07AAE-5B11-86EF-63E0-B5907B17DDE4}.Debug|Any CPU.Build.0 = Debug|Any CPU
		{41F07AAE-5B11-86EF-63E0-B5907B17DDE4}.Release|Any CPU.ActiveCfg = Release|Any CPU
		{41F07AAE-5B11-86EF-63E0-B5907B17DDE4}.Release|Any CPU.Build.0 = Release|Any CPU
	EndGlobalSection
	GlobalSection(SolutionProperties) = preSolution
		HideSolutionNode = FALSE
	EndGlobalSection
																																																																																										GlobalSection(MonoDevelopProperties) = preSolution
		StartupItem = Assembly-CSharp.csproj
		Policies = $0
		$0.TextStylePolicy = $1
		$1.inheritsSet = null
		$1.scope = text/x-csharp
		$0.CSharpFormattingPolicy = $2
		$2.inheritsSet = Mono
		$2.inheritsScope = text/x-csharp
		$2.scope = text/x-csharp
		$0.TextStylePolicy = $3
		$3.FileWidth = 120
		$3.TabWidth = 4
		$3.IndentWidth = 4
		$3.EolMarker = Unix
		$3.inheritsSet = Mono
		$3.inheritsScope = text/plain
		$3.scope = text/plain
	EndGlobalSection

EndGlobal
