Microsoft Visual Studio Solution File, Format Version 11.00
# Visual Studio 2008

Project("{87861512-CC82-DC86-CB44-17FEE005CF97}") = "Shredd", "Assembly-CSharp-firstpass.csproj", "{485F263A-237D-69D5-A573-A21D9D87255F}"
EndProject
Project("{87861512-CC82-DC86-CB44-17FEE005CF97}") = "Shredd", "Assembly-CSharp.csproj", "{09BB3F6F-61FA-5A87-5BBE-91BDD42F091F}"
EndProject
Project("{87861512-CC82-DC86-CB44-17FEE005CF97}") = "Shredd", "Assembly-CSharp-Editor-firstpass.csproj", "{87AB7807-E49D-993F-3A49-CB292229CBA7}"
EndProject
Project("{87861512-CC82-DC86-CB44-17FEE005CF97}") = "Shredd", "Assembly-CSharp-Editor.csproj", "{15FA99FC-7D79-38D2-0315-49DF5EA9FF10}"
EndProject
Global
	GlobalSection(SolutionConfigurationPlatforms) = preSolution
		Debug|Any CPU = Debug|Any CPU
		Release|Any CPU = Release|Any CPU
	EndGlobalSection
	GlobalSection(ProjectConfigurationPlatforms) = postSolution
		{485F263A-237D-69D5-A573-A21D9D87255F}.Debug|Any CPU.ActiveCfg = Debug|Any CPU
		{485F263A-237D-69D5-A573-A21D9D87255F}.Debug|Any CPU.Build.0 = Debug|Any CPU
		{485F263A-237D-69D5-A573-A21D9D87255F}.Release|Any CPU.ActiveCfg = Release|Any CPU
		{485F263A-237D-69D5-A573-A21D9D87255F}.Release|Any CPU.Build.0 = Release|Any CPU
		{09BB3F6F-61FA-5A87-5BBE-91BDD42F091F}.Debug|Any CPU.ActiveCfg = Debug|Any CPU
		{09BB3F6F-61FA-5A87-5BBE-91BDD42F091F}.Debug|Any CPU.Build.0 = Debug|Any CPU
		{09BB3F6F-61FA-5A87-5BBE-91BDD42F091F}.Release|Any CPU.ActiveCfg = Release|Any CPU
		{09BB3F6F-61FA-5A87-5BBE-91BDD42F091F}.Release|Any CPU.Build.0 = Release|Any CPU
		{87AB7807-E49D-993F-3A49-CB292229CBA7}.Debug|Any CPU.ActiveCfg = Debug|Any CPU
		{87AB7807-E49D-993F-3A49-CB292229CBA7}.Debug|Any CPU.Build.0 = Debug|Any CPU
		{87AB7807-E49D-993F-3A49-CB292229CBA7}.Release|Any CPU.ActiveCfg = Release|Any CPU
		{87AB7807-E49D-993F-3A49-CB292229CBA7}.Release|Any CPU.Build.0 = Release|Any CPU
		{15FA99FC-7D79-38D2-0315-49DF5EA9FF10}.Debug|Any CPU.ActiveCfg = Debug|Any CPU
		{15FA99FC-7D79-38D2-0315-49DF5EA9FF10}.Debug|Any CPU.Build.0 = Debug|Any CPU
		{15FA99FC-7D79-38D2-0315-49DF5EA9FF10}.Release|Any CPU.ActiveCfg = Release|Any CPU
		{15FA99FC-7D79-38D2-0315-49DF5EA9FF10}.Release|Any CPU.Build.0 = Release|Any CPU
	EndGlobalSection
	GlobalSection(SolutionProperties) = preSolution
		HideSolutionNode = FALSE
	EndGlobalSection
																																																																																																																GlobalSection(MonoDevelopProperties) = preSolution
		StartupItem = Assembly-CSharp.csproj
		Policies = $0
		$0.TextStylePolicy = $1
		$1.inheritsSet = null
		$1.scope = text/x-csharp
		$0.CSharpFormattingPolicy = $2
		$2.inheritsSet = Mono
		$2.inheritsScope = text/x-csharp
		$2.scope = text/x-csharp
		$0.TextStylePolicy = $3
		$3.FileWidth = 120
		$3.TabWidth = 4
		$3.IndentWidth = 4
		$3.EolMarker = Unix
		$3.inheritsSet = Mono
		$3.inheritsScope = text/plain
		$3.scope = text/plain
	EndGlobalSection

EndGlobal
